// !$*UTF8*$!
{
	archiveVersion = 1;
	classes = {
	};
	objectVersion = 46;
	objects = {

/* Begin PBXBuildFile section */
		6D204B9E174BD4ED0016A570 /* Renderer.cpp in Sources */ = {isa = PBXBuildFile; fileRef = 6D204B9C174BD4EC0016A570 /* Renderer.cpp */; };
		6D4C67DF15DE5E05002DE1AE /* Cocoa.framework in Frameworks */ = {isa = PBXBuildFile; fileRef = 6D4C67DE15DE5E05002DE1AE /* Cocoa.framework */; };
		6D4C67E915DE5E05002DE1AE /* InfoPlist.strings in Resources */ = {isa = PBXBuildFile; fileRef = 6D4C67E715DE5E05002DE1AE /* InfoPlist.strings */; };
		6D4C67EB15DE5E05002DE1AE /* main.m in Sources */ = {isa = PBXBuildFile; fileRef = 6D4C67EA15DE5E05002DE1AE /* main.m */; };
		6D4C67EF15DE5E05002DE1AE /* Credits.rtf in Resources */ = {isa = PBXBuildFile; fileRef = 6D4C67ED15DE5E05002DE1AE /* Credits.rtf */; };
		6D4C67F215DE5E05002DE1AE /* AppDelegate.mm in Sources */ = {isa = PBXBuildFile; fileRef = 6D4C67F115DE5E05002DE1AE /* AppDelegate.mm */; };
		6D4C67F515DE5E05002DE1AE /* MainMenu.xib in Resources */ = {isa = PBXBuildFile; fileRef = 6D4C67F315DE5E05002DE1AE /* MainMenu.xib */; };
		6D68BBE417686D8500F5FB9F /* AABB.cpp in Sources */ = {isa = PBXBuildFile; fileRef = 6D68BBE217686D8500F5FB9F /* AABB.cpp */; };
		6D8474A4172EC63800BAF86F /* Scene.cpp in Sources */ = {isa = PBXBuildFile; fileRef = 6D8474A2172EC63800BAF86F /* Scene.cpp */; };
		6D8474A7172EC6D100BAF86F /* BaseObject.cpp in Sources */ = {isa = PBXBuildFile; fileRef = 6D8474A5172EC6D100BAF86F /* BaseObject.cpp */; };
		6D8474AB172ECA6100BAF86F /* Ray.cpp in Sources */ = {isa = PBXBuildFile; fileRef = 6D8474A9172ECA6100BAF86F /* Ray.cpp */; };
		6D8474AE172ECEC600BAF86F /* Sphere.cpp in Sources */ = {isa = PBXBuildFile; fileRef = 6D8474AC172ECEC500BAF86F /* Sphere.cpp */; };
		6DB15D31175CE78B00D908B6 /* Cylinder.cpp in Sources */ = {isa = PBXBuildFile; fileRef = 6DB15D2F175CE78B00D908B6 /* Cylinder.cpp */; };
		6DC8E92D17674635008430EF /* PatchRing.cpp in Sources */ = {isa = PBXBuildFile; fileRef = 6DC8E92B17674635008430EF /* PatchRing.cpp */; };
		6DE7F2E31757AB8E006FED74 /* Bitmap.cpp in Sources */ = {isa = PBXBuildFile; fileRef = 6DE7F2E11757AB8D006FED74 /* Bitmap.cpp */; };
		6DE7F2E61758CE2A006FED74 /* Camera.cpp in Sources */ = {isa = PBXBuildFile; fileRef = 6DE7F2E41758CE29006FED74 /* Camera.cpp */; };
		6DE7F2EA1758ECC2006FED74 /* Color.cpp in Sources */ = {isa = PBXBuildFile; fileRef = 6DE7F2E81758ECC0006FED74 /* Color.cpp */; };
		75122F66175B58FF00A06819 /* Plane.cpp in Sources */ = {isa = PBXBuildFile; fileRef = 75122F64175B58FF00A06819 /* Plane.cpp */; };
		75E15528175A7D8100D7DA0A /* BaseLight.cpp in Sources */ = {isa = PBXBuildFile; fileRef = 75E15526175A7D8100D7DA0A /* BaseLight.cpp */; };
/* End PBXBuildFile section */

/* Begin PBXFileReference section */
		6D204B9C174BD4EC0016A570 /* Renderer.cpp */ = {isa = PBXFileReference; fileEncoding = 4; lastKnownFileType = sourcecode.cpp.cpp; path = Renderer.cpp; sourceTree = "<group>"; };
		6D204B9D174BD4ED0016A570 /* Renderer.h */ = {isa = PBXFileReference; fileEncoding = 4; lastKnownFileType = sourcecode.c.h; path = Renderer.h; sourceTree = "<group>"; };
		6D4C67DA15DE5E05002DE1AE /* ImageTest.app */ = {isa = PBXFileReference; explicitFileType = wrapper.application; includeInIndex = 0; name = ImageTest.app; path = Raytracer.app; sourceTree = BUILT_PRODUCTS_DIR; };
		6D4C67DE15DE5E05002DE1AE /* Cocoa.framework */ = {isa = PBXFileReference; lastKnownFileType = wrapper.framework; name = Cocoa.framework; path = System/Library/Frameworks/Cocoa.framework; sourceTree = SDKROOT; };
		6D4C67E115DE5E05002DE1AE /* AppKit.framework */ = {isa = PBXFileReference; lastKnownFileType = wrapper.framework; name = AppKit.framework; path = System/Library/Frameworks/AppKit.framework; sourceTree = SDKROOT; };
		6D4C67E215DE5E05002DE1AE /* CoreData.framework */ = {isa = PBXFileReference; lastKnownFileType = wrapper.framework; name = CoreData.framework; path = System/Library/Frameworks/CoreData.framework; sourceTree = SDKROOT; };
		6D4C67E315DE5E05002DE1AE /* Foundation.framework */ = {isa = PBXFileReference; lastKnownFileType = wrapper.framework; name = Foundation.framework; path = System/Library/Frameworks/Foundation.framework; sourceTree = SDKROOT; };
		6D4C67E615DE5E05002DE1AE /* Raytracer-Info.plist */ = {isa = PBXFileReference; lastKnownFileType = text.plist.xml; path = "Raytracer-Info.plist"; sourceTree = "<group>"; };
		6D4C67E815DE5E05002DE1AE /* en */ = {isa = PBXFileReference; lastKnownFileType = text.plist.strings; name = en; path = en.lproj/InfoPlist.strings; sourceTree = "<group>"; };
		6D4C67EA15DE5E05002DE1AE /* main.m */ = {isa = PBXFileReference; lastKnownFileType = sourcecode.c.objc; path = main.m; sourceTree = "<group>"; };
		6D4C67EC15DE5E05002DE1AE /* Raytracer-Prefix.pch */ = {isa = PBXFileReference; lastKnownFileType = sourcecode.c.h; path = "Raytracer-Prefix.pch"; sourceTree = "<group>"; };
		6D4C67EE15DE5E05002DE1AE /* en */ = {isa = PBXFileReference; lastKnownFileType = text.rtf; name = en; path = en.lproj/Credits.rtf; sourceTree = "<group>"; };
		6D4C67F015DE5E05002DE1AE /* AppDelegate.h */ = {isa = PBXFileReference; lastKnownFileType = sourcecode.c.h; path = AppDelegate.h; sourceTree = "<group>"; };
		6D4C67F115DE5E05002DE1AE /* AppDelegate.mm */ = {isa = PBXFileReference; lastKnownFileType = sourcecode.cpp.objcpp; path = AppDelegate.mm; sourceTree = "<group>"; };
		6D4C67F415DE5E05002DE1AE /* en */ = {isa = PBXFileReference; lastKnownFileType = file.xib; name = en; path = en.lproj/MainMenu.xib; sourceTree = "<group>"; };
		6D68BBE217686D8500F5FB9F /* AABB.cpp */ = {isa = PBXFileReference; fileEncoding = 4; lastKnownFileType = sourcecode.cpp.cpp; path = AABB.cpp; sourceTree = "<group>"; };
		6D68BBE317686D8500F5FB9F /* AABB.h */ = {isa = PBXFileReference; fileEncoding = 4; lastKnownFileType = sourcecode.c.h; path = AABB.h; sourceTree = "<group>"; };
		6D8474A2172EC63800BAF86F /* Scene.cpp */ = {isa = PBXFileReference; fileEncoding = 4; lastKnownFileType = sourcecode.cpp.cpp; path = Scene.cpp; sourceTree = "<group>"; };
		6D8474A3172EC63800BAF86F /* Scene.h */ = {isa = PBXFileReference; fileEncoding = 4; lastKnownFileType = sourcecode.c.h; path = Scene.h; sourceTree = "<group>"; };
		6D8474A5172EC6D100BAF86F /* BaseObject.cpp */ = {isa = PBXFileReference; fileEncoding = 4; lastKnownFileType = sourcecode.cpp.cpp; path = BaseObject.cpp; sourceTree = "<group>"; };
		6D8474A6172EC6D100BAF86F /* BaseObject.h */ = {isa = PBXFileReference; fileEncoding = 4; lastKnownFileType = sourcecode.c.h; path = BaseObject.h; sourceTree = "<group>"; };
		6D8474A8172EC79F00BAF86F /* Vector.h */ = {isa = PBXFileReference; lastKnownFileType = sourcecode.c.h; path = Vector.h; sourceTree = "<group>"; };
		6D8474A9172ECA6100BAF86F /* Ray.cpp */ = {isa = PBXFileReference; fileEncoding = 4; lastKnownFileType = sourcecode.cpp.cpp; path = Ray.cpp; sourceTree = "<group>"; };
		6D8474AA172ECA6100BAF86F /* Ray.h */ = {isa = PBXFileReference; fileEncoding = 4; lastKnownFileType = sourcecode.c.h; path = Ray.h; sourceTree = "<group>"; };
		6D8474AC172ECEC500BAF86F /* Sphere.cpp */ = {isa = PBXFileReference; fileEncoding = 4; lastKnownFileType = sourcecode.cpp.cpp; path = Sphere.cpp; sourceTree = "<group>"; };
		6D8474AD172ECEC500BAF86F /* Sphere.h */ = {isa = PBXFileReference; fileEncoding = 4; lastKnownFileType = sourcecode.c.h; path = Sphere.h; sourceTree = "<group>"; };
		6D8474AF172ECEF400BAF86F /* Types.h */ = {isa = PBXFileReference; lastKnownFileType = sourcecode.c.h; path = Types.h; sourceTree = "<group>"; };
		6DB15D2F175CE78B00D908B6 /* Cylinder.cpp */ = {isa = PBXFileReference; fileEncoding = 4; lastKnownFileType = sourcecode.cpp.cpp; path = Cylinder.cpp; sourceTree = "<group>"; };
		6DB15D30175CE78B00D908B6 /* Cylinder.h */ = {isa = PBXFileReference; fileEncoding = 4; lastKnownFileType = sourcecode.c.h; path = Cylinder.h; sourceTree = "<group>"; };
		6DC8E92B17674635008430EF /* PatchRing.cpp */ = {isa = PBXFileReference; fileEncoding = 4; lastKnownFileType = sourcecode.cpp.cpp; path = PatchRing.cpp; sourceTree = "<group>"; };
		6DC8E92C17674635008430EF /* PatchRing.h */ = {isa = PBXFileReference; fileEncoding = 4; lastKnownFileType = sourcecode.c.h; path = PatchRing.h; sourceTree = "<group>"; };
		6DE7F2E11757AB8D006FED74 /* Bitmap.cpp */ = {isa = PBXFileReference; fileEncoding = 4; lastKnownFileType = sourcecode.cpp.cpp; path = Bitmap.cpp; sourceTree = "<group>"; };
		6DE7F2E21757AB8E006FED74 /* Bitmap.h */ = {isa = PBXFileReference; fileEncoding = 4; lastKnownFileType = sourcecode.c.h; path = Bitmap.h; sourceTree = "<group>"; };
		6DE7F2E41758CE29006FED74 /* Camera.cpp */ = {isa = PBXFileReference; fileEncoding = 4; lastKnownFileType = sourcecode.cpp.cpp; path = Camera.cpp; sourceTree = "<group>"; };
		6DE7F2E51758CE29006FED74 /* Camera.h */ = {isa = PBXFileReference; fileEncoding = 4; lastKnownFileType = sourcecode.c.h; path = Camera.h; sourceTree = "<group>"; };
		6DE7F2E71758D17F006FED74 /* Math.h */ = {isa = PBXFileReference; fileEncoding = 4; lastKnownFileType = sourcecode.c.h; path = Math.h; sourceTree = "<group>"; };
		6DE7F2E81758ECC0006FED74 /* Color.cpp */ = {isa = PBXFileReference; fileEncoding = 4; lastKnownFileType = sourcecode.cpp.cpp; path = Color.cpp; sourceTree = "<group>"; };
		6DE7F2E91758ECC1006FED74 /* Color.h */ = {isa = PBXFileReference; fileEncoding = 4; lastKnownFileType = sourcecode.c.h; path = Color.h; sourceTree = "<group>"; };
		75122F64175B58FF00A06819 /* Plane.cpp */ = {isa = PBXFileReference; fileEncoding = 4; lastKnownFileType = sourcecode.cpp.cpp; path = Plane.cpp; sourceTree = "<group>"; };
		75122F65175B58FF00A06819 /* Plane.h */ = {isa = PBXFileReference; fileEncoding = 4; lastKnownFileType = sourcecode.c.h; path = Plane.h; sourceTree = "<group>"; };
		75122F67175B7AC500A06819 /* Log.h */ = {isa = PBXFileReference; lastKnownFileType = sourcecode.c.h; path = Log.h; sourceTree = "<group>"; };
		75E15526175A7D8100D7DA0A /* BaseLight.cpp */ = {isa = PBXFileReference; fileEncoding = 4; lastKnownFileType = sourcecode.cpp.cpp; path = BaseLight.cpp; sourceTree = "<group>"; };
		75E15527175A7D8100D7DA0A /* BaseLight.h */ = {isa = PBXFileReference; fileEncoding = 4; lastKnownFileType = sourcecode.c.h; path = BaseLight.h; sourceTree = "<group>"; };
/* End PBXFileReference section */

/* Begin PBXFrameworksBuildPhase section */
		6D4C67D715DE5E05002DE1AE /* Frameworks */ = {
			isa = PBXFrameworksBuildPhase;
			buildActionMask = 2147483647;
			files = (
				6D4C67DF15DE5E05002DE1AE /* Cocoa.framework in Frameworks */,
			);
			runOnlyForDeploymentPostprocessing = 0;
		};
/* End PBXFrameworksBuildPhase section */

/* Begin PBXGroup section */
		6D4C67CF15DE5E05002DE1AE = {
			isa = PBXGroup;
			children = (
				6D4C67E415DE5E05002DE1AE /* Raytracer */,
				6D4C67DD15DE5E05002DE1AE /* Frameworks */,
				6D4C67DB15DE5E05002DE1AE /* Products */,
			);
			sourceTree = "<group>";
		};
		6D4C67DB15DE5E05002DE1AE /* Products */ = {
			isa = PBXGroup;
			children = (
				6D4C67DA15DE5E05002DE1AE /* ImageTest.app */,
			);
			name = Products;
			sourceTree = "<group>";
		};
		6D4C67DD15DE5E05002DE1AE /* Frameworks */ = {
			isa = PBXGroup;
			children = (
				6D4C67DE15DE5E05002DE1AE /* Cocoa.framework */,
				6D4C67E015DE5E05002DE1AE /* Other Frameworks */,
			);
			name = Frameworks;
			sourceTree = "<group>";
		};
		6D4C67E015DE5E05002DE1AE /* Other Frameworks */ = {
			isa = PBXGroup;
			children = (
				6D4C67E115DE5E05002DE1AE /* AppKit.framework */,
				6D4C67E215DE5E05002DE1AE /* CoreData.framework */,
				6D4C67E315DE5E05002DE1AE /* Foundation.framework */,
			);
			name = "Other Frameworks";
			sourceTree = "<group>";
		};
		6D4C67E415DE5E05002DE1AE /* Raytracer */ = {
			isa = PBXGroup;
			children = (
				6D68BBE217686D8500F5FB9F /* AABB.cpp */,
				6D68BBE317686D8500F5FB9F /* AABB.h */,
				6DE7F2E71758D17F006FED74 /* Math.h */,
				6D8474A9172ECA6100BAF86F /* Ray.cpp */,
				6D8474AA172ECA6100BAF86F /* Ray.h */,
				6D4C67F015DE5E05002DE1AE /* AppDelegate.h */,
				6D4C67F115DE5E05002DE1AE /* AppDelegate.mm */,
				6D4C67F315DE5E05002DE1AE /* MainMenu.xib */,
				6D4C67E515DE5E05002DE1AE /* Supporting Files */,
				6D8474A2172EC63800BAF86F /* Scene.cpp */,
				6D8474A3172EC63800BAF86F /* Scene.h */,
				6D8474A5172EC6D100BAF86F /* BaseObject.cpp */,
				6D8474A6172EC6D100BAF86F /* BaseObject.h */,
				6D8474A8172EC79F00BAF86F /* Vector.h */,
				6D8474AC172ECEC500BAF86F /* Sphere.cpp */,
				6D8474AD172ECEC500BAF86F /* Sphere.h */,
				6D8474AF172ECEF400BAF86F /* Types.h */,
				6D204B9C174BD4EC0016A570 /* Renderer.cpp */,
				6D204B9D174BD4ED0016A570 /* Renderer.h */,
				6DE7F2E11757AB8D006FED74 /* Bitmap.cpp */,
				6DE7F2E21757AB8E006FED74 /* Bitmap.h */,
				6DE7F2E41758CE29006FED74 /* Camera.cpp */,
				6DE7F2E51758CE29006FED74 /* Camera.h */,
				6DE7F2E81758ECC0006FED74 /* Color.cpp */,
				6DE7F2E91758ECC1006FED74 /* Color.h */,
				75E15526175A7D8100D7DA0A /* BaseLight.cpp */,
				75E15527175A7D8100D7DA0A /* BaseLight.h */,
				75122F64175B58FF00A06819 /* Plane.cpp */,
				75122F65175B58FF00A06819 /* Plane.h */,
				75122F67175B7AC500A06819 /* Log.h */,
				6DB15D2F175CE78B00D908B6 /* Cylinder.cpp */,
				6DB15D30175CE78B00D908B6 /* Cylinder.h */,
				6DC8E92B17674635008430EF /* PatchRing.cpp */,
				6DC8E92C17674635008430EF /* PatchRing.h */,
			);
			path = Raytracer;
			sourceTree = "<group>";
		};
		6D4C67E515DE5E05002DE1AE /* Supporting Files */ = {
			isa = PBXGroup;
			children = (
				6D4C67E615DE5E05002DE1AE /* Raytracer-Info.plist */,
				6D4C67E715DE5E05002DE1AE /* InfoPlist.strings */,
				6D4C67EA15DE5E05002DE1AE /* main.m */,
				6D4C67EC15DE5E05002DE1AE /* Raytracer-Prefix.pch */,
				6D4C67ED15DE5E05002DE1AE /* Credits.rtf */,
			);
			name = "Supporting Files";
			sourceTree = "<group>";
		};
/* End PBXGroup section */

/* Begin PBXNativeTarget section */
		6D4C67D915DE5E05002DE1AE /* Raytracer */ = {
			isa = PBXNativeTarget;
			buildConfigurationList = 6D4C67F815DE5E05002DE1AE /* Build configuration list for PBXNativeTarget "Raytracer" */;
			buildPhases = (
				6D4C67D615DE5E05002DE1AE /* Sources */,
				6D4C67D715DE5E05002DE1AE /* Frameworks */,
				6D4C67D815DE5E05002DE1AE /* Resources */,
			);
			buildRules = (
			);
			dependencies = (
			);
			name = Raytracer;
			productName = ImageTest;
			productReference = 6D4C67DA15DE5E05002DE1AE /* ImageTest.app */;
			productType = "com.apple.product-type.application";
		};
/* End PBXNativeTarget section */

/* Begin PBXProject section */
		6D4C67D115DE5E05002DE1AE /* Project object */ = {
			isa = PBXProject;
			attributes = {
				LastUpgradeCheck = 0440;
				ORGANIZATIONNAME = "Artur Mazurek";
			};
			buildConfigurationList = 6D4C67D415DE5E05002DE1AE /* Build configuration list for PBXProject "Raytracer" */;
			compatibilityVersion = "Xcode 3.2";
			developmentRegion = English;
			hasScannedForEncodings = 0;
			knownRegions = (
				en,
			);
			mainGroup = 6D4C67CF15DE5E05002DE1AE;
			productRefGroup = 6D4C67DB15DE5E05002DE1AE /* Products */;
			projectDirPath = "";
			projectRoot = "";
			targets = (
				6D4C67D915DE5E05002DE1AE /* Raytracer */,
			);
		};
/* End PBXProject section */

/* Begin PBXResourcesBuildPhase section */
		6D4C67D815DE5E05002DE1AE /* Resources */ = {
			isa = PBXResourcesBuildPhase;
			buildActionMask = 2147483647;
			files = (
				6D4C67E915DE5E05002DE1AE /* InfoPlist.strings in Resources */,
				6D4C67EF15DE5E05002DE1AE /* Credits.rtf in Resources */,
				6D4C67F515DE5E05002DE1AE /* MainMenu.xib in Resources */,
			);
			runOnlyForDeploymentPostprocessing = 0;
		};
/* End PBXResourcesBuildPhase section */

/* Begin PBXSourcesBuildPhase section */
		6D4C67D615DE5E05002DE1AE /* Sources */ = {
			isa = PBXSourcesBuildPhase;
			buildActionMask = 2147483647;
			files = (
				6D4C67EB15DE5E05002DE1AE /* main.m in Sources */,
				6D4C67F215DE5E05002DE1AE /* AppDelegate.mm in Sources */,
				6D8474A4172EC63800BAF86F /* Scene.cpp in Sources */,
				6D8474A7172EC6D100BAF86F /* BaseObject.cpp in Sources */,
				6D8474AB172ECA6100BAF86F /* Ray.cpp in Sources */,
				6D8474AE172ECEC600BAF86F /* Sphere.cpp in Sources */,
				6D204B9E174BD4ED0016A570 /* Renderer.cpp in Sources */,
				6DE7F2E31757AB8E006FED74 /* Bitmap.cpp in Sources */,
				6DE7F2E61758CE2A006FED74 /* Camera.cpp in Sources */,
				6D68BBE417686D8500F5FB9F /* AABB.cpp in Sources */,
				6DE7F2EA1758ECC2006FED74 /* Color.cpp in Sources */,
				75E15528175A7D8100D7DA0A /* BaseLight.cpp in Sources */,
				75122F66175B58FF00A06819 /* Plane.cpp in Sources */,
				6DB15D31175CE78B00D908B6 /* Cylinder.cpp in Sources */,
				6DC8E92D17674635008430EF /* PatchRing.cpp in Sources */,
			);
			runOnlyForDeploymentPostprocessing = 0;
		};
/* End PBXSourcesBuildPhase section */

/* Begin PBXVariantGroup section */
		6D4C67E715DE5E05002DE1AE /* InfoPlist.strings */ = {
			isa = PBXVariantGroup;
			children = (
				6D4C67E815DE5E05002DE1AE /* en */,
			);
			name = InfoPlist.strings;
			sourceTree = "<group>";
		};
		6D4C67ED15DE5E05002DE1AE /* Credits.rtf */ = {
			isa = PBXVariantGroup;
			children = (
				6D4C67EE15DE5E05002DE1AE /* en */,
			);
			name = Credits.rtf;
			sourceTree = "<group>";
		};
		6D4C67F315DE5E05002DE1AE /* MainMenu.xib */ = {
			isa = PBXVariantGroup;
			children = (
				6D4C67F415DE5E05002DE1AE /* en */,
			);
			name = MainMenu.xib;
			sourceTree = "<group>";
		};
/* End PBXVariantGroup section */

/* Begin XCBuildConfiguration section */
		6D4C67F615DE5E05002DE1AE /* Debug */ = {
			isa = XCBuildConfiguration;
			buildSettings = {
				ALWAYS_SEARCH_USER_PATHS = NO;
				ARCHS = "$(ARCHS_STANDARD_64_BIT)";
				CLANG_CXX_LANGUAGE_STANDARD = "gnu++0x";
				CLANG_ENABLE_OBJC_ARC = YES;
				CLANG_WARN__DUPLICATE_METHOD_MATCH = YES;
				COPY_PHASE_STRIP = NO;
				GCC_C_LANGUAGE_STANDARD = gnu99;
				GCC_DYNAMIC_NO_PIC = NO;
				GCC_ENABLE_OBJC_EXCEPTIONS = YES;
				GCC_OPTIMIZATION_LEVEL = 0;
				GCC_PREPROCESSOR_DEFINITIONS = (
					"DEBUG=1",
					"$(inherited)",
				);
				GCC_SYMBOLS_PRIVATE_EXTERN = NO;
				GCC_WARN_64_TO_32_BIT_CONVERSION = YES;
				GCC_WARN_ABOUT_RETURN_TYPE = YES;
				GCC_WARN_UNINITIALIZED_AUTOS = YES;
				GCC_WARN_UNUSED_VARIABLE = YES;
				MACOSX_DEPLOYMENT_TARGET = 10.8;
				ONLY_ACTIVE_ARCH = YES;
				SDKROOT = macosx;
			};
			name = Debug;
		};
		6D4C67F715DE5E05002DE1AE /* Release */ = {
			isa = XCBuildConfiguration;
			buildSettings = {
				ALWAYS_SEARCH_USER_PATHS = NO;
				ARCHS = "$(ARCHS_STANDARD_64_BIT)";
				CLANG_CXX_LANGUAGE_STANDARD = "gnu++0x";
				CLANG_ENABLE_OBJC_ARC = YES;
				CLANG_WARN__DUPLICATE_METHOD_MATCH = YES;
				COPY_PHASE_STRIP = YES;
				DEBUG_INFORMATION_FORMAT = "dwarf-with-dsym";
				GCC_C_LANGUAGE_STANDARD = gnu99;
				GCC_ENABLE_OBJC_EXCEPTIONS = YES;
				GCC_WARN_64_TO_32_BIT_CONVERSION = YES;
				GCC_WARN_ABOUT_RETURN_TYPE = YES;
				GCC_WARN_UNINITIALIZED_AUTOS = YES;
				GCC_WARN_UNUSED_VARIABLE = YES;
				MACOSX_DEPLOYMENT_TARGET = 10.8;
				SDKROOT = macosx;
			};
			name = Release;
		};
		6D4C67F915DE5E05002DE1AE /* Debug */ = {
			isa = XCBuildConfiguration;
			buildSettings = {
				CLANG_CXX_LANGUAGE_STANDARD = "c++0x";
				CLANG_CXX_LIBRARY = "libc++";
				COMBINE_HIDPI_IMAGES = YES;
				GCC_PRECOMPILE_PREFIX_HEADER = YES;
				GCC_PREFIX_HEADER = "ImageTest/Raytracer-Prefix.pch";
				INFOPLIST_FILE = "ImageTest/Raytracer-Info.plist";
				PRODUCT_NAME = Raytracer;
				WRAPPER_EXTENSION = app;
			};
			name = Debug;
		};
		6D4C67FA15DE5E05002DE1AE /* Release */ = {
			isa = XCBuildConfiguration;
			buildSettings = {
				CLANG_CXX_LANGUAGE_STANDARD = "c++0x";
				CLANG_CXX_LIBRARY = "libc++";
				COMBINE_HIDPI_IMAGES = YES;
				GCC_OPTIMIZATION_LEVEL = 3;
				GCC_PRECOMPILE_PREFIX_HEADER = YES;
				GCC_PREFIX_HEADER = "ImageTest/Raytracer-Prefix.pch";
				INFOPLIST_FILE = "ImageTest/Raytracer-Info.plist";
				PRODUCT_NAME = Raytracer;
				WRAPPER_EXTENSION = app;
			};
			name = Release;
		};
/* End XCBuildConfiguration section */

/* Begin XCConfigurationList section */
		6D4C67D415DE5E05002DE1AE /* Build configuration list for PBXProject "Raytracer" */ = {
			isa = XCConfigurationList;
			buildConfigurations = (
				6D4C67F615DE5E05002DE1AE /* Debug */,
				6D4C67F715DE5E05002DE1AE /* Release */,
			);
			defaultConfigurationIsVisible = 0;
			defaultConfigurationName = Release;
		};
		6D4C67F815DE5E05002DE1AE /* Build configuration list for PBXNativeTarget "Raytracer" */ = {
			isa = XCConfigurationList;
			buildConfigurations = (
				6D4C67F915DE5E05002DE1AE /* Debug */,
				6D4C67FA15DE5E05002DE1AE /* Release */,
			);
			defaultConfigurationIsVisible = 0;
			defaultConfigurationName = Release;
		};
/* End XCConfigurationList section */
	};
	rootObject = 6D4C67D115DE5E05002DE1AE /* Project object */;
}
